{
  "version": 1,
  "dependencies": {
    "net7.0": {
      "MailKit": {
        "type": "Direct",
        "requested": "[4.4.0, )",
        "resolved": "4.4.0",
        "contentHash": "cv+oiAOn2+LhhGUVvxpJjEOIZOTZBFDIDO9ebOfxqqU1f/PllHpKr5VjWOBsqeLrb+zLisxWSQDzM5C64XrRNA==",
        "dependencies": {
          "MimeKit": "4.4.0"
        }
      },
      "Microsoft.VisualStudio.Azure.Containers.Tools.Targets": {
        "type": "Direct",
        "requested": "[1.20.0, )",
        "resolved": "1.20.0",
        "contentHash": "bDSLElsbkWpik5L8obmeyEM9HlTUmkh1sVemZmKvFnQ8W4QUDIFx8wgqtIiJXZbI+h8YoxUedVnKijWgp97wgw=="
      },
      "MQTTnet": {
        "type": "Direct",
        "requested": "[4.3.3.952, )",
        "resolved": "4.3.3.952",
        "contentHash": "6AFOGkdnqzIfvaPbTnPLYvBibBdGfJlTTWonIZp+VHpRy6fEl+KT9Z1AG1/4AaDAw5TJ0WpqCmrV9TVUWkLffg=="
      },
      "Newtonsoft.Json": {
        "type": "Direct",
        "requested": "[13.0.3, )",
        "resolved": "13.0.3",
        "contentHash": "HrC5BXdl00IP9zeV+0Z848QWPAoCr9P3bDEZguI+gkLcBKAOxix/tLEAAHC+UvDNPv4a2d18lOReHMOagPa+zQ=="
      },
      "SkiaSharp": {
        "type": "Direct",
        "requested": "[2.88.7, )",
        "resolved": "2.88.7",
        "contentHash": "LJHAMrbWO00J7jXWLWehyjqFo29T4VzABimfJb4nICqpEe3c/KvQGWL4ItON8ymzhxYOeFgyxeRzuNzO4GHSug==",
        "dependencies": {
          "SkiaSharp.NativeAssets.Win32": "2.88.7",
          "SkiaSharp.NativeAssets.macOS": "2.88.7"
        }
      },
      "SkiaSharp.NativeAssets.Linux": {
        "type": "Direct",
        "requested": "[2.88.7, )",
        "resolved": "2.88.7",
        "contentHash": "i9VitS7/5D8Te3B1Gu7F6kakW9PYVnI3YC6MoR6NidreD9hDl1EIOQEBaa0eBsOsWNX5Bz92OVf6+7KbDrJvyg==",
        "dependencies": {
          "SkiaSharp": "2.88.7"
        }
      },
      "Swashbuckle.AspNetCore": {
        "type": "Direct",
        "requested": "[6.5.0, )",
        "resolved": "6.5.0",
        "contentHash": "FK05XokgjgwlCI6wCT+D4/abtQkL1X1/B9Oas6uIwHFmYrIO9WUD5aLC9IzMs9GnHfUXOtXZ2S43gN1mhs5+aA==",
        "dependencies": {
          "Microsoft.Extensions.ApiDescription.Server": "6.0.5",
          "Swashbuckle.AspNetCore.Swagger": "6.5.0",
          "Swashbuckle.AspNetCore.SwaggerGen": "6.5.0",
          "Swashbuckle.AspNetCore.SwaggerUI": "6.5.0"
        }
      },
      "System.Drawing.Common": {
        "type": "Direct",
        "requested": "[8.0.3, )",
        "resolved": "8.0.3",
        "contentHash": "oDE9duAtHhxYJM2bsOlZCLBKdorU9DTV1tw7Mlc+VIT7HgwO5ddfOHk/An8C+fAS9oKdmn2PaIA5t1b484uz8g==",
        "dependencies": {
          "Microsoft.Win32.SystemEvents": "8.0.0"
        }
      },
      "Telegram.Bot": {
        "type": "Direct",
        "requested": "[19.0.0, )",
        "resolved": "19.0.0",
        "contentHash": "Q16IOitgjGoaJOuqgKQy0FeF+hr/ncmlX2esrhCC7aiyhSX7roYEriWaGAHkQZR8QzbImjFfl4eQh2IxcnOrPg==",
        "dependencies": {
          "Newtonsoft.Json": "13.0.1"
        }
      },
      "BouncyCastle.Cryptography": {
        "type": "Transitive",
        "resolved": "2.3.0",
        "contentHash": "IaVIiYxZLaBulveGDRUx/pBoW/Rc8QeXGF5u2E8xL8RWhVKCgfmtX9NUyGRbnSqnbFQU2zyP3MkXIdH+jUuQBw=="
      },
      "Microsoft.Extensions.ApiDescription.Server": {
        "type": "Transitive",
        "resolved": "6.0.5",
        "contentHash": "Ckb5EDBUNJdFWyajfXzUIMRkhf52fHZOQuuZg/oiu8y7zDCVwD0iHhew6MnThjHmevanpxL3f5ci2TtHQEN6bw=="
      },
      "Microsoft.OpenApi": {
        "type": "Transitive",
        "resolved": "1.2.3",
        "contentHash": "Nug3rO+7Kl5/SBAadzSMAVgqDlfGjJZ0GenQrLywJ84XGKO0uRqkunz5Wyl0SDwcR71bAATXvSdbdzPrYRYKGw=="
      },
      "Microsoft.Win32.SystemEvents": {
        "type": "Transitive",
        "resolved": "8.0.0",
        "contentHash": "9opKRyOKMCi2xJ7Bj7kxtZ1r9vbzosMvRrdEhVhDz8j8MoBGgB+WmC94yH839NPH+BclAjtQ/pyagvi/8gDLkw=="
      },
      "MimeKit": {
        "type": "Transitive",
        "resolved": "4.4.0",
        "contentHash": "pKvznVpvK35cJb21LdjvhB3MW2FrlAqG3PH36uVKHhlgnfMS5tIRsKJEMgo0hiPyJJhN2f1llHptu2w8CvF9Vg==",
        "dependencies": {
          "BouncyCastle.Cryptography": "2.3.0",
          "System.Runtime.CompilerServices.Unsafe": "6.0.0",
          "System.Security.Cryptography.Pkcs": "8.0.0",
          "System.Text.Encoding.CodePages": "8.0.0"
        }
      },
      "SkiaSharp.NativeAssets.macOS": {
        "type": "Transitive",
        "resolved": "2.88.7",
        "contentHash": "3jNzco4VjcYPFNxR9aNWcgweFXbTSdM1VpNRzCS4X0i1A1OuNqcaulrAvmntNpujeWxHo9e6WGh6FN8Jf5+XhA=="
      },
      "SkiaSharp.NativeAssets.Win32": {
        "type": "Transitive",
        "resolved": "2.88.7",
        "contentHash": "BCXmWdQ0oVck9vRwC8U3ocSaTHEx28VB+6qw9OxGIMQ86iO5bp4Flqk3IXH0l9Pbr7vWAUOpI212iaL9mTaUZQ=="
      },
      "Swashbuckle.AspNetCore.Swagger": {
        "type": "Transitive",
        "resolved": "6.5.0",
        "contentHash": "XWmCmqyFmoItXKFsQSwQbEAsjDKcxlNf1l+/Ki42hcb6LjKL8m5Db69OTvz5vLonMSRntYO1XLqz0OP+n3vKnA==",
        "dependencies": {
          "Microsoft.OpenApi": "1.2.3"
        }
      },
      "Swashbuckle.AspNetCore.SwaggerGen": {
        "type": "Transitive",
        "resolved": "6.5.0",
        "contentHash": "Y/qW8Qdg9OEs7V013tt+94OdPxbRdbhcEbw4NiwGvf4YBcfhL/y7qp/Mjv/cENsQ2L3NqJ2AOu94weBy/h4KvA==",
        "dependencies": {
          "Swashbuckle.AspNetCore.Swagger": "6.5.0"
        }
      },
      "Swashbuckle.AspNetCore.SwaggerUI": {
        "type": "Transitive",
        "resolved": "6.5.0",
        "contentHash": "OvbvxX+wL8skxTBttcBsVxdh73Fag4xwqEU2edh4JMn7Ws/xJHnY/JB1e9RoCb6XpDxUF3hD9A0Z1lEUx40Pfw=="
      },
      "System.Formats.Asn1": {
        "type": "Transitive",
        "resolved": "8.0.0",
        "contentHash": "AJukBuLoe3QeAF+mfaRKQb2dgyrvt340iMBHYv+VdBzCUM06IxGlvl0o/uPOS7lHnXPN6u8fFRHSHudx5aTi8w=="
      },
      "System.Runtime.CompilerServices.Unsafe": {
        "type": "Transitive",
        "resolved": "6.0.0",
        "contentHash": "/iUeP3tq1S0XdNNoMz5C9twLSrM/TH+qElHkXWaPvuNOt+99G75NrV0OS2EqHx5wMN7popYjpc8oTjC1y16DLg=="
      },
      "System.Security.Cryptography.Pkcs": {
        "type": "Transitive",
        "resolved": "8.0.0",
        "contentHash": "ULmp3xoOwNYjOYp4JZ2NK/6NdTgiN1GQXzVVN1njQ7LOZ0d0B9vyMnhyqbIi9Qw4JXj1JgCsitkTShboHRx7Eg==",
        "dependencies": {
          "System.Formats.Asn1": "8.0.0"
        }
      },
      "System.Text.Encoding.CodePages": {
        "type": "Transitive",
        "resolved": "8.0.0",
        "contentHash": "OZIsVplFGaVY90G2SbpgU7EnCoOO5pw1t4ic21dBF3/1omrJFpAGoNAVpPyMVOC90/hvgkGG3VFqR13YgZMQfg=="
      }
    }
  }
}